// !$*UTF8*$!
{
	archiveVersion = 1;
	classes = {
	};
	objectVersion = 46;
	objects = {

/* Begin PBXBuildFile section */
		6632D73B1C5F4C390005574B /* AppDelegate.swift in Sources */ = {isa = PBXBuildFile; fileRef = 6632D73A1C5F4C390005574B /* AppDelegate.swift */; };
		6632D73D1C5F4C390005574B /* ViewController.swift in Sources */ = {isa = PBXBuildFile; fileRef = 6632D73C1C5F4C390005574B /* ViewController.swift */; };
		6632D7401C5F4C390005574B /* Main.storyboard in Resources */ = {isa = PBXBuildFile; fileRef = 6632D73E1C5F4C390005574B /* Main.storyboard */; };
		6632D7421C5F4C390005574B /* Assets.xcassets in Resources */ = {isa = PBXBuildFile; fileRef = 6632D7411C5F4C390005574B /* Assets.xcassets */; };
		6632D7451C5F4C390005574B /* LaunchScreen.storyboard in Resources */ = {isa = PBXBuildFile; fileRef = 6632D7431C5F4C390005574B /* LaunchScreen.storyboard */; };
		6632D7501C5F4C390005574B /* EasemobDemoTests.swift in Sources */ = {isa = PBXBuildFile; fileRef = 6632D74F1C5F4C390005574B /* EasemobDemoTests.swift */; };
		6632D75B1C5F4C390005574B /* EasemobDemoUITests.swift in Sources */ = {isa = PBXBuildFile; fileRef = 6632D75A1C5F4C390005574B /* EasemobDemoUITests.swift */; };
		8BC89779970AD24F6E156562 /* libPods.a in Frameworks */ = {isa = PBXBuildFile; fileRef = D2BFC02C193C55B36E08ACCD /* libPods.a */; };
/* End PBXBuildFile section */

/* Begin PBXContainerItemProxy section */
		6632D74C1C5F4C390005574B /* PBXContainerItemProxy */ = {
			isa = PBXContainerItemProxy;
			containerPortal = 6632D72F1C5F4C390005574B /* Project object */;
			proxyType = 1;
			remoteGlobalIDString = 6632D7361C5F4C390005574B;
			remoteInfo = EasemobDemo;
		};
		6632D7571C5F4C390005574B /* PBXContainerItemProxy */ = {
			isa = PBXContainerItemProxy;
			containerPortal = 6632D72F1C5F4C390005574B /* Project object */;
			proxyType = 1;
			remoteGlobalIDString = 6632D7361C5F4C390005574B;
			remoteInfo = EasemobDemo;
		};
/* End PBXContainerItemProxy section */

/* Begin PBXFileReference section */
		0C38F3D0E95C9CB6792B5204 /* Pods.release.xcconfig */ = {isa = PBXFileReference; includeInIndex = 1; lastKnownFileType = text.xcconfig; name = Pods.release.xcconfig; path = "Pods/Target Support Files/Pods/Pods.release.xcconfig"; sourceTree = "<group>"; };
		6632D7371C5F4C390005574B /* EasemobDemo.app */ = {isa = PBXFileReference; explicitFileType = wrapper.application; includeInIndex = 0; path = EasemobDemo.app; sourceTree = BUILT_PRODUCTS_DIR; };
		6632D73A1C5F4C390005574B /* AppDelegate.swift */ = {isa = PBXFileReference; lastKnownFileType = sourcecode.swift; path = AppDelegate.swift; sourceTree = "<group>"; };
		6632D73C1C5F4C390005574B /* ViewController.swift */ = {isa = PBXFileReference; lastKnownFileType = sourcecode.swift; path = ViewController.swift; sourceTree = "<group>"; };
		6632D73F1C5F4C390005574B /* Base */ = {isa = PBXFileReference; lastKnownFileType = file.storyboard; name = Base; path = Base.lproj/Main.storyboard; sourceTree = "<group>"; };
		6632D7411C5F4C390005574B /* Assets.xcassets */ = {isa = PBXFileReference; lastKnownFileType = folder.assetcatalog; path = Assets.xcassets; sourceTree = "<group>"; };
		6632D7441C5F4C390005574B /* Base */ = {isa = PBXFileReference; lastKnownFileType = file.storyboard; name = Base; path = Base.lproj/LaunchScreen.storyboard; sourceTree = "<group>"; };
		6632D7461C5F4C390005574B /* Info.plist */ = {isa = PBXFileReference; lastKnownFileType = text.plist.xml; path = Info.plist; sourceTree = "<group>"; };
		6632D74B1C5F4C390005574B /* EasemobDemoTests.xctest */ = {isa = PBXFileReference; explicitFileType = wrapper.cfbundle; includeInIndex = 0; path = EasemobDemoTests.xctest; sourceTree = BUILT_PRODUCTS_DIR; };
		6632D74F1C5F4C390005574B /* EasemobDemoTests.swift */ = {isa = PBXFileReference; lastKnownFileType = sourcecode.swift; path = EasemobDemoTests.swift; sourceTree = "<group>"; };
		6632D7511C5F4C390005574B /* Info.plist */ = {isa = PBXFileReference; lastKnownFileType = text.plist.xml; path = Info.plist; sourceTree = "<group>"; };
		6632D7561C5F4C390005574B /* EasemobDemoUITests.xctest */ = {isa = PBXFileReference; explicitFileType = wrapper.cfbundle; includeInIndex = 0; path = EasemobDemoUITests.xctest; sourceTree = BUILT_PRODUCTS_DIR; };
		6632D75A1C5F4C390005574B /* EasemobDemoUITests.swift */ = {isa = PBXFileReference; lastKnownFileType = sourcecode.swift; path = EasemobDemoUITests.swift; sourceTree = "<group>"; };
		6632D75C1C5F4C390005574B /* Info.plist */ = {isa = PBXFileReference; lastKnownFileType = text.plist.xml; path = Info.plist; sourceTree = "<group>"; };
		6632D7681C5F520D0005574B /* ObjectBridging.h */ = {isa = PBXFileReference; lastKnownFileType = sourcecode.c.h; name = ObjectBridging.h; path = ../ObjectBridging.h; sourceTree = "<group>"; };
		806A8FB32D61E7187DCAA363 /* Pods.debug.xcconfig */ = {isa = PBXFileReference; includeInIndex = 1; lastKnownFileType = text.xcconfig; name = Pods.debug.xcconfig; path = "Pods/Target Support Files/Pods/Pods.debug.xcconfig"; sourceTree = "<group>"; };
		D2BFC02C193C55B36E08ACCD /* libPods.a */ = {isa = PBXFileReference; explicitFileType = archive.ar; includeInIndex = 0; path = libPods.a; sourceTree = BUILT_PRODUCTS_DIR; };
/* End PBXFileReference section */

/* Begin PBXFrameworksBuildPhase section */
		6632D7341C5F4C390005574B /* Frameworks */ = {
			isa = PBXFrameworksBuildPhase;
			buildActionMask = 2147483647;
			files = (
				8BC89779970AD24F6E156562 /* libPods.a in Frameworks */,
			);
			runOnlyForDeploymentPostprocessing = 0;
		};
		6632D7481C5F4C390005574B /* Frameworks */ = {
			isa = PBXFrameworksBuildPhase;
			buildActionMask = 2147483647;
			files = (
			);
			runOnlyForDeploymentPostprocessing = 0;
		};
		6632D7531C5F4C390005574B /* Frameworks */ = {
			isa = PBXFrameworksBuildPhase;
			buildActionMask = 2147483647;
			files = (
			);
			runOnlyForDeploymentPostprocessing = 0;
		};
/* End PBXFrameworksBuildPhase section */

/* Begin PBXGroup section */
		6632D72E1C5F4C390005574B = {
			isa = PBXGroup;
			children = (
				6632D7391C5F4C390005574B /* EasemobDemo */,
				6632D74E1C5F4C390005574B /* EasemobDemoTests */,
				6632D7591C5F4C390005574B /* EasemobDemoUITests */,
				6632D7381C5F4C390005574B /* Products */,
				EA78D89CD34CAEED3BD8DE9C /* Pods */,
				749FF76859A44B25E106847F /* Frameworks */,
			);
			sourceTree = "<group>";
		};
		6632D7381C5F4C390005574B /* Products */ = {
			isa = PBXGroup;
			children = (
				6632D7371C5F4C390005574B /* EasemobDemo.app */,
				6632D74B1C5F4C390005574B /* EasemobDemoTests.xctest */,
				6632D7561C5F4C390005574B /* EasemobDemoUITests.xctest */,
			);
			name = Products;
			sourceTree = "<group>";
		};
		6632D7391C5F4C390005574B /* EasemobDemo */ = {
			isa = PBXGroup;
			children = (
				6632D7681C5F520D0005574B /* ObjectBridging.h */,
				6632D73A1C5F4C390005574B /* AppDelegate.swift */,
				6632D73C1C5F4C390005574B /* ViewController.swift */,
				6632D73E1C5F4C390005574B /* Main.storyboard */,
				6632D7411C5F4C390005574B /* Assets.xcassets */,
				6632D7431C5F4C390005574B /* LaunchScreen.storyboard */,
				6632D7461C5F4C390005574B /* Info.plist */,
			);
			path = EasemobDemo;
			sourceTree = "<group>";
		};
		6632D74E1C5F4C390005574B /* EasemobDemoTests */ = {
			isa = PBXGroup;
			children = (
				6632D74F1C5F4C390005574B /* EasemobDemoTests.swift */,
				6632D7511C5F4C390005574B /* Info.plist */,
			);
			path = EasemobDemoTests;
			sourceTree = "<group>";
		};
		6632D7591C5F4C390005574B /* EasemobDemoUITests */ = {
			isa = PBXGroup;
			children = (
				6632D75A1C5F4C390005574B /* EasemobDemoUITests.swift */,
				6632D75C1C5F4C390005574B /* Info.plist */,
			);
			path = EasemobDemoUITests;
			sourceTree = "<group>";
		};
		749FF76859A44B25E106847F /* Frameworks */ = {
			isa = PBXGroup;
			children = (
				D2BFC02C193C55B36E08ACCD /* libPods.a */,
			);
			name = Frameworks;
			sourceTree = "<group>";
		};
		EA78D89CD34CAEED3BD8DE9C /* Pods */ = {
			isa = PBXGroup;
			children = (
				806A8FB32D61E7187DCAA363 /* Pods.debug.xcconfig */,
				0C38F3D0E95C9CB6792B5204 /* Pods.release.xcconfig */,
			);
			name = Pods;
			sourceTree = "<group>";
		};
/* End PBXGroup section */

/* Begin PBXNativeTarget section */
		6632D7361C5F4C390005574B /* EasemobDemo */ = {
			isa = PBXNativeTarget;
			buildConfigurationList = 6632D75F1C5F4C390005574B /* Build configuration list for PBXNativeTarget "EasemobDemo" */;
			buildPhases = (
				433CD3B62D4C38A6D5BC50F5 /* Check Pods Manifest.lock */,
				6632D7331C5F4C390005574B /* Sources */,
				6632D7341C5F4C390005574B /* Frameworks */,
				6632D7351C5F4C390005574B /* Resources */,
				974A16D613E7414898F4C6F9 /* Embed Pods Frameworks */,
				CA6B81A4A709FFDFD7E437C8 /* Copy Pods Resources */,
			);
			buildRules = (
			);
			dependencies = (
			);
			name = EasemobDemo;
			productName = EasemobDemo;
			productReference = 6632D7371C5F4C390005574B /* EasemobDemo.app */;
			productType = "com.apple.product-type.application";
		};
		6632D74A1C5F4C390005574B /* EasemobDemoTests */ = {
			isa = PBXNativeTarget;
			buildConfigurationList = 6632D7621C5F4C390005574B /* Build configuration list for PBXNativeTarget "EasemobDemoTests" */;
			buildPhases = (
				6632D7471C5F4C390005574B /* Sources */,
				6632D7481C5F4C390005574B /* Frameworks */,
				6632D7491C5F4C390005574B /* Resources */,
			);
			buildRules = (
			);
			dependencies = (
				6632D74D1C5F4C390005574B /* PBXTargetDependency */,
			);
			name = EasemobDemoTests;
			productName = EasemobDemoTests;
			productReference = 6632D74B1C5F4C390005574B /* EasemobDemoTests.xctest */;
			productType = "com.apple.product-type.bundle.unit-test";
		};
		6632D7551C5F4C390005574B /* EasemobDemoUITests */ = {
			isa = PBXNativeTarget;
			buildConfigurationList = 6632D7651C5F4C390005574B /* Build configuration list for PBXNativeTarget "EasemobDemoUITests" */;
			buildPhases = (
				6632D7521C5F4C390005574B /* Sources */,
				6632D7531C5F4C390005574B /* Frameworks */,
				6632D7541C5F4C390005574B /* Resources */,
			);
			buildRules = (
			);
			dependencies = (
				6632D7581C5F4C390005574B /* PBXTargetDependency */,
			);
			name = EasemobDemoUITests;
			productName = EasemobDemoUITests;
			productReference = 6632D7561C5F4C390005574B /* EasemobDemoUITests.xctest */;
			productType = "com.apple.product-type.bundle.ui-testing";
		};
/* End PBXNativeTarget section */

/* Begin PBXProject section */
		6632D72F1C5F4C390005574B /* Project object */ = {
			isa = PBXProject;
			attributes = {
				LastSwiftUpdateCheck = 0720;
				LastUpgradeCheck = 0720;
				ORGANIZATIONNAME = zhangweicheng;
				TargetAttributes = {
					6632D7361C5F4C390005574B = {
						CreatedOnToolsVersion = 7.2;
					};
					6632D74A1C5F4C390005574B = {
						CreatedOnToolsVersion = 7.2;
						TestTargetID = 6632D7361C5F4C390005574B;
					};
					6632D7551C5F4C390005574B = {
						CreatedOnToolsVersion = 7.2;
						TestTargetID = 6632D7361C5F4C390005574B;
					};
				};
			};
			buildConfigurationList = 6632D7321C5F4C390005574B /* Build configuration list for PBXProject "EasemobDemo" */;
			compatibilityVersion = "Xcode 3.2";
			developmentRegion = English;
			hasScannedForEncodings = 0;
			knownRegions = (
				en,
				Base,
			);
			mainGroup = 6632D72E1C5F4C390005574B;
			productRefGroup = 6632D7381C5F4C390005574B /* Products */;
			projectDirPath = "";
			projectRoot = "";
			targets = (
				6632D7361C5F4C390005574B /* EasemobDemo */,
				6632D74A1C5F4C390005574B /* EasemobDemoTests */,
				6632D7551C5F4C390005574B /* EasemobDemoUITests */,
			);
		};
/* End PBXProject section */

/* Begin PBXResourcesBuildPhase section */
		6632D7351C5F4C390005574B /* Resources */ = {
			isa = PBXResourcesBuildPhase;
			buildActionMask = 2147483647;
			files = (
				6632D7451C5F4C390005574B /* LaunchScreen.storyboard in Resources */,
				6632D7421C5F4C390005574B /* Assets.xcassets in Resources */,
				6632D7401C5F4C390005574B /* Main.storyboard in Resources */,
			);
			runOnlyForDeploymentPostprocessing = 0;
		};
		6632D7491C5F4C390005574B /* Resources */ = {
			isa = PBXResourcesBuildPhase;
			buildActionMask = 2147483647;
			files = (
			);
			runOnlyForDeploymentPostprocessing = 0;
		};
		6632D7541C5F4C390005574B /* Resources */ = {
			isa = PBXResourcesBuildPhase;
			buildActionMask = 2147483647;
			files = (
			);
			runOnlyForDeploymentPostprocessing = 0;
		};
/* End PBXResourcesBuildPhase section */

/* Begin PBXShellScriptBuildPhase section */
		433CD3B62D4C38A6D5BC50F5 /* Check Pods Manifest.lock */ = {
			isa = PBXShellScriptBuildPhase;
			buildActionMask = 2147483647;
			files = (
			);
			inputPaths = (
			);
			name = "Check Pods Manifest.lock";
			outputPaths = (
			);
			runOnlyForDeploymentPostprocessing = 0;
			shellPath = /bin/sh;
			shellScript = "diff \"${PODS_ROOT}/../Podfile.lock\" \"${PODS_ROOT}/Manifest.lock\" > /dev/null\nif [[ $? != 0 ]] ; then\n    cat << EOM\nerror: The sandbox is not in sync with the Podfile.lock. Run 'pod install' or update your CocoaPods installation.\nEOM\n    exit 1\nfi\n";
			showEnvVarsInLog = 0;
		};
		974A16D613E7414898F4C6F9 /* Embed Pods Frameworks */ = {
			isa = PBXShellScriptBuildPhase;
			buildActionMask = 2147483647;
			files = (
			);
			inputPaths = (
			);
			name = "Embed Pods Frameworks";
			outputPaths = (
			);
			runOnlyForDeploymentPostprocessing = 0;
			shellPath = /bin/sh;
			shellScript = "\"${SRCROOT}/Pods/Target Support Files/Pods/Pods-frameworks.sh\"\n";
			showEnvVarsInLog = 0;
		};
		CA6B81A4A709FFDFD7E437C8 /* Copy Pods Resources */ = {
			isa = PBXShellScriptBuildPhase;
			buildActionMask = 2147483647;
			files = (
			);
			inputPaths = (
			);
			name = "Copy Pods Resources";
			outputPaths = (
			);
			runOnlyForDeploymentPostprocessing = 0;
			shellPath = /bin/sh;
			shellScript = "\"${SRCROOT}/Pods/Target Support Files/Pods/Pods-resources.sh\"\n";
			showEnvVarsInLog = 0;
		};
/* End PBXShellScriptBuildPhase section */

/* Begin PBXSourcesBuildPhase section */
		6632D7331C5F4C390005574B /* Sources */ = {
			isa = PBXSourcesBuildPhase;
			buildActionMask = 2147483647;
			files = (
				6632D73D1C5F4C390005574B /* ViewController.swift in Sources */,
				6632D73B1C5F4C390005574B /* AppDelegate.swift in Sources */,
			);
			runOnlyForDeploymentPostprocessing = 0;
		};
		6632D7471C5F4C390005574B /* Sources */ = {
			isa = PBXSourcesBuildPhase;
			buildActionMask = 2147483647;
			files = (
				6632D7501C5F4C390005574B /* EasemobDemoTests.swift in Sources */,
			);
			runOnlyForDeploymentPostprocessing = 0;
		};
		6632D7521C5F4C390005574B /* Sources */ = {
			isa = PBXSourcesBuildPhase;
			buildActionMask = 2147483647;
			files = (
				6632D75B1C5F4C390005574B /* EasemobDemoUITests.swift in Sources */,
			);
			runOnlyForDeploymentPostprocessing = 0;
		};
/* End PBXSourcesBuildPhase section */

/* Begin PBXTargetDependency section */
		6632D74D1C5F4C390005574B /* PBXTargetDependency */ = {
			isa = PBXTargetDependency;
			target = 6632D7361C5F4C390005574B /* EasemobDemo */;
			targetProxy = 6632D74C1C5F4C390005574B /* PBXContainerItemProxy */;
		};
		6632D7581C5F4C390005574B /* PBXTargetDependency */ = {
			isa = PBXTargetDependency;
			target = 6632D7361C5F4C390005574B /* EasemobDemo */;
			targetProxy = 6632D7571C5F4C390005574B /* PBXContainerItemProxy */;
		};
/* End PBXTargetDependency section */

/* Begin PBXVariantGroup section */
		6632D73E1C5F4C390005574B /* Main.storyboard */ = {
			isa = PBXVariantGroup;
			children = (
				6632D73F1C5F4C390005574B /* Base */,
			);
			name = Main.storyboard;
			sourceTree = "<group>";
		};
		6632D7431C5F4C390005574B /* LaunchScreen.storyboard */ = {
			isa = PBXVariantGroup;
			children = (
				6632D7441C5F4C390005574B /* Base */,
			);
			name = LaunchScreen.storyboard;
			sourceTree = "<group>";
		};
/* End PBXVariantGroup section */

/* Begin XCBuildConfiguration section */
		6632D75D1C5F4C390005574B /* Debug */ = {
			isa = XCBuildConfiguration;
			buildSettings = {
				ALWAYS_SEARCH_USER_PATHS = NO;
				CLANG_CXX_LANGUAGE_STANDARD = "gnu++0x";
				CLANG_CXX_LIBRARY = "libc++";
				CLANG_ENABLE_MODULES = YES;
				CLANG_ENABLE_OBJC_ARC = YES;
				CLANG_WARN_BOOL_CONVERSION = YES;
				CLANG_WARN_CONSTANT_CONVERSION = YES;
				CLANG_WARN_DIRECT_OBJC_ISA_USAGE = YES_ERROR;
				CLANG_WARN_EMPTY_BODY = YES;
				CLANG_WARN_ENUM_CONVERSION = YES;
				CLANG_WARN_INT_CONVERSION = YES;
				CLANG_WARN_OBJC_ROOT_CLASS = YES_ERROR;
				CLANG_WARN_UNREACHABLE_CODE = YES;
				CLANG_WARN__DUPLICATE_METHOD_MATCH = YES;
				"CODE_SIGN_IDENTITY[sdk=iphoneos*]" = "iPhone Developer";
				COPY_PHASE_STRIP = NO;
				DEBUG_INFORMATION_FORMAT = dwarf;
				ENABLE_STRICT_OBJC_MSGSEND = YES;
				ENABLE_TESTABILITY = YES;
				GCC_C_LANGUAGE_STANDARD = gnu99;
				GCC_DYNAMIC_NO_PIC = NO;
				GCC_NO_COMMON_BLOCKS = YES;
				GCC_OPTIMIZATION_LEVEL = 0;
				GCC_PREPROCESSOR_DEFINITIONS = (
					"DEBUG=1",
					"$(inherited)",
				);
				GCC_WARN_64_TO_32_BIT_CONVERSION = YES;
				GCC_WARN_ABOUT_RETURN_TYPE = YES_ERROR;
				GCC_WARN_UNDECLARED_SELECTOR = YES;
				GCC_WARN_UNINITIALIZED_AUTOS = YES_AGGRESSIVE;
				GCC_WARN_UNUSED_FUNCTION = YES;
				GCC_WARN_UNUSED_VARIABLE = YES;
				IPHONEOS_DEPLOYMENT_TARGET = 9.2;
				MTL_ENABLE_DEBUG_INFO = YES;
				ONLY_ACTIVE_ARCH = YES;
				SDKROOT = iphoneos;
				SWIFT_OPTIMIZATION_LEVEL = "-Onone";
				TARGETED_DEVICE_FAMILY = "1,2";
			};
			name = Debug;
		};
		6632D75E1C5F4C390005574B /* Release */ = {
			isa = XCBuildConfiguration;
			buildSettings = {
				ALWAYS_SEARCH_USER_PATHS = NO;
				CLANG_CXX_LANGUAGE_STANDARD = "gnu++0x";
				CLANG_CXX_LIBRARY = "libc++";
				CLANG_ENABLE_MODULES = YES;
				CLANG_ENABLE_OBJC_ARC = YES;
				CLANG_WARN_BOOL_CONVERSION = YES;
				CLANG_WARN_CONSTANT_CONVERSION = YES;
				CLANG_WARN_DIRECT_OBJC_ISA_USAGE = YES_ERROR;
				CLANG_WARN_EMPTY_BODY = YES;
				CLANG_WARN_ENUM_CONVERSION = YES;
				CLANG_WARN_INT_CONVERSION = YES;
				CLANG_WARN_OBJC_ROOT_CLASS = YES_ERROR;
				CLANG_WARN_UNREACHABLE_CODE = YES;
				CLANG_WARN__DUPLICATE_METHOD_MATCH = YES;
				"CODE_SIGN_IDENTITY[sdk=iphoneos*]" = "iPhone Developer";
				COPY_PHASE_STRIP = NO;
				DEBUG_INFORMATION_FORMAT = "dwarf-with-dsym";
				ENABLE_NS_ASSERTIONS = NO;
				ENABLE_STRICT_OBJC_MSGSEND = YES;
				GCC_C_LANGUAGE_STANDARD = gnu99;
				GCC_NO_COMMON_BLOCKS = YES;
				GCC_WARN_64_TO_32_BIT_CONVERSION = YES;
				GCC_WARN_ABOUT_RETURN_TYPE = YES_ERROR;
				GCC_WARN_UNDECLARED_SELECTOR = YES;
				GCC_WARN_UNINITIALIZED_AUTOS = YES_AGGRESSIVE;
				GCC_WARN_UNUSED_FUNCTION = YES;
				GCC_WARN_UNUSED_VARIABLE = YES;
				IPHONEOS_DEPLOYMENT_TARGET = 9.2;
				MTL_ENABLE_DEBUG_INFO = NO;
				SDKROOT = iphoneos;
				TARGETED_DEVICE_FAMILY = "1,2";
				VALIDATE_PRODUCT = YES;
			};
			name = Release;
		};
		6632D7601C5F4C390005574B /* Debug */ = {
			isa = XCBuildConfiguration;
			baseConfigurationReference = 806A8FB32D61E7187DCAA363 /* Pods.debug.xcconfig */;
			buildSettings = {
				ASSETCATALOG_COMPILER_APPICON_NAME = AppIcon;
				ENABLE_BITCODE = NO;
				INFOPLIST_FILE = EasemobDemo/Info.plist;
				LD_RUNPATH_SEARCH_PATHS = "$(inherited) @executable_path/Frameworks";
				PRODUCT_BUNDLE_IDENTIFIER = com.zhaidou.EasemobDemo;
				PRODUCT_NAME = "$(TARGET_NAME)";
				SWIFT_OBJC_BRIDGING_HEADER = ObjectBridging.h;
			};
			name = Debug;
		};
		6632D7611C5F4C390005574B /* Release */ = {
			isa = XCBuildConfiguration;
			baseConfigurationReference = 0C38F3D0E95C9CB6792B5204 /* Pods.release.xcconfig */;
			buildSettings = {
				ASSETCATALOG_COMPILER_APPICON_NAME = AppIcon;
				ENABLE_BITCODE = NO;
				INFOPLIST_FILE = EasemobDemo/Info.plist;
				LD_RUNPATH_SEARCH_PATHS = "$(inherited) @executable_path/Frameworks";
				PRODUCT_BUNDLE_IDENTIFIER = com.zhaidou.EasemobDemo;
				PRODUCT_NAME = "$(TARGET_NAME)";
				SWIFT_OBJC_BRIDGING_HEADER = ObjectBridging.h;
			};
			name = Release;
		};
		6632D7631C5F4C390005574B /* Debug */ = {
			isa = XCBuildConfiguration;
			buildSettings = {
				BUNDLE_LOADER = "$(TEST_HOST)";
				INFOPLIST_FILE = EasemobDemoTests/Info.plist;
				LD_RUNPATH_SEARCH_PATHS = "$(inherited) @executable_path/Frameworks @loader_path/Frameworks";
				PRODUCT_BUNDLE_IDENTIFIER = com.zhaidou.EasemobDemoTests;
				PRODUCT_NAME = "$(TARGET_NAME)";
				TEST_HOST = "$(BUILT_PRODUCTS_DIR)/EasemobDemo.app/EasemobDemo";
			};
			name = Debug;
		};
		6632D7641C5F4C390005574B /* Release */ = {
			isa = XCBuildConfiguration;
			buildSettings = {
				BUNDLE_LOADER = "$(TEST_HOST)";
				INFOPLIST_FILE = EasemobDemoTests/Info.plist;
				LD_RUNPATH_SEARCH_PATHS = "$(inherited) @executable_path/Frameworks @loader_path/Frameworks";
				PRODUCT_BUNDLE_IDENTIFIER = com.zhaidou.EasemobDemoTests;
				PRODUCT_NAME = "$(TARGET_NAME)";
				TEST_HOST = "$(BUILT_PRODUCTS_DIR)/EasemobDemo.app/EasemobDemo";
			};
			name = Release;
		};
		6632D7661C5F4C390005574B /* Debug */ = {
			isa = XCBuildConfiguration;
			buildSettings = {
				INFOPLIST_FILE = EasemobDemoUITests/Info.plist;
				LD_RUNPATH_SEARCH_PATHS = "$(inherited) @executable_path/Frameworks @loader_path/Frameworks";
				PRODUCT_BUNDLE_IDENTIFIER = com.zhaidou.EasemobDemoUITests;
				PRODUCT_NAME = "$(TARGET_NAME)";
				TEST_TARGET_NAME = EasemobDemo;
				USES_XCTRUNNER = YES;
			};
			name = Debug;
		};
		6632D7671C5F4C390005574B /* Release */ = {
			isa = XCBuildConfiguration;
			buildSettings = {
				INFOPLIST_FILE = EasemobDemoUITests/Info.plist;
				LD_RUNPATH_SEARCH_PATHS = "$(inherited) @executable_path/Frameworks @loader_path/Frameworks";
				PRODUCT_BUNDLE_IDENTIFIER = com.zhaidou.EasemobDemoUITests;
				PRODUCT_NAME = "$(TARGET_NAME)";
				TEST_TARGET_NAME = EasemobDemo;
				USES_XCTRUNNER = YES;
			};
			name = Release;
		};
/* End XCBuildConfiguration section */

/* Begin XCConfigurationList section */
		6632D7321C5F4C390005574B /* Build configuration list for PBXProject "EasemobDemo" */ = {
			isa = XCConfigurationList;
			buildConfigurations = (
				6632D75D1C5F4C390005574B /* Debug */,
				6632D75E1C5F4C390005574B /* Release */,
			);
			defaultConfigurationIsVisible = 0;
			defaultConfigurationName = Release;
		};
		6632D75F1C5F4C390005574B /* Build configuration list for PBXNativeTarget "EasemobDemo" */ = {
			isa = XCConfigurationList;
			buildConfigurations = (
				6632D7601C5F4C390005574B /* Debug */,
				6632D7611C5F4C390005574B /* Release */,
			);
			defaultConfigurationIsVisible = 0;
			defaultConfigurationName = Release;
		};
		6632D7621C5F4C390005574B /* Build configuration list for PBXNativeTarget "EasemobDemoTests" */ = {
			isa = XCConfigurationList;
			buildConfigurations = (
				6632D7631C5F4C390005574B /* Debug */,
				6632D7641C5F4C390005574B /* Release */,
			);
			defaultConfigurationIsVisible = 0;
			defaultConfigurationName = Release;
		};
		6632D7651C5F4C390005574B /* Build configuration list for PBXNativeTarget "EasemobDemoUITests" */ = {
			isa = XCConfigurationList;
			buildConfigurations = (
				6632D7661C5F4C390005574B /* Debug */,
				6632D7671C5F4C390005574B /* Release */,
			);
			defaultConfigurationIsVisible = 0;
			defaultConfigurationName = Release;
		};
/* End XCConfigurationList section */
	};
	rootObject = 6632D72F1C5F4C390005574B /* Project object */;
}
